// !$*UTF8*$!
{
	archiveVersion = 1;
	classes = {
	};
	objectVersion = 77;
	objects = {

/* Begin PBXBuildFile section */
		5B5B0000000000000000000B /* SwitchboardMobileKit in Frameworks */ = {isa = PBXBuildFile; productRef = 5B5B0000000000000000000D /* SwitchboardMobileKit */; };
/* End PBXBuildFile section */

/* Begin PBXFileReference section */
		5B5B00000000000000000014 /* SwitchboardMobileKit */ = {isa = PBXFileReference; lastKnownFileType = wrapper; path = SwitchboardMobileKit; sourceTree = "<group>"; };
		5B5B00000000000000000004 /* SwitchboardMobile.app */ = {isa = PBXFileReference; explicitFileType = wrapper.application; includeInIndex = 0; path = SwitchboardMobile.app; sourceTree = BUILT_PRODUCTS_DIR; };
/* End PBXFileReference section */

/* Begin PBXFileSystemSynchronizedBuildFileExceptionSet section */
		5B5B00000000000000000006 /* Exceptions for "SwitchboardMobile" folder in "SwitchboardMobile" target */ = {
			isa = PBXFileSystemSynchronizedBuildFileExceptionSet;
			membershipExceptions = (
				"Info-Debug.plist",
				"Info-Release.plist",
			);
			target = 5B5B00000000000000000007 /* SwitchboardMobile */;
		};
/* End PBXFileSystemSynchronizedBuildFileExceptionSet section */

/* Begin PBXFileSystemSynchronizedRootGroup section */
		5B5B00000000000000000005 /* SwitchboardMobile */ = {
			isa = PBXFileSystemSynchronizedRootGroup;
			exceptions = (
				5B5B00000000000000000006 /* Exceptions for "SwitchboardMobile" folder in "SwitchboardMobile" target */,
			);
			path = SwitchboardMobile;
			sourceTree = "<group>";
		};
/* End PBXFileSystemSynchronizedRootGroup section */

/* Begin PBXFrameworksBuildPhase section */
		5B5B00000000000000000009 /* Frameworks */ = {
			isa = PBXFrameworksBuildPhase;
			buildActionMask = 2147483647;
			files = (
				5B5B0000000000000000000B /* SwitchboardMobileKit in Frameworks */,
			);
			runOnlyForDeploymentPostprocessing = 0;
		};
/* End PBXFrameworksBuildPhase section */

/* Begin PBXGroup section */
		5B5B00000000000000000002 = {
			isa = PBXGroup;
			children = (
				5B5B00000000000000000014 /* SwitchboardMobileKit */,
				5B5B00000000000000000005 /* SwitchboardMobile */,
				5B5B00000000000000000003 /* Products */,
			);
			sourceTree = "<group>";
		};
		5B5B00000000000000000003 /* Products */ = {
			isa = PBXGroup;
			children = (
				5B5B00000000000000000004 /* SwitchboardMobile.app */,
			);
			name = Products;
			sourceTree = "<group>";
		};
/* End PBXGroup section */

/* Begin PBXNativeTarget section */
		5B5B00000000000000000007 /* SwitchboardMobile */ = {
			isa = PBXNativeTarget;
			buildConfigurationList = 5B5B00000000000000000011 /* Build configuration list for PBXNativeTarget "SwitchboardMobile" */;
			buildPhases = (
				5B5B00000000000000000008 /* Sources */,
				5B5B00000000000000000009 /* Frameworks */,
				5B5B0000000000000000000A /* Resources */,
			);
			buildRules = (
			);
			dependencies = (
			);
			fileSystemSynchronizedGroups = (
				5B5B00000000000000000005 /* SwitchboardMobile */,
			);
			name = SwitchboardMobile;
			packageProductDependencies = (
				5B5B0000000000000000000D /* SwitchboardMobileKit */,
			);
			productName = SwitchboardMobile;
			productReference = 5B5B00000000000000000004 /* SwitchboardMobile.app */;
			productType = "com.apple.product-type.application";
		};
/* End PBXNativeTarget section */

/* Begin PBXProject section */
		5B5B00000000000000000001 /* Project object */ = {
			isa = PBXProject;
			attributes = {
				BuildIndependentTargetsInParallel = 1;
				LastSwiftUpdateCheck = 1600;
				LastUpgradeCheck = 1600;
			};
			buildConfigurationList = 5B5B0000000000000000000E /* Build configuration list for PBXProject "SwitchboardMobile" */;
			developmentRegion = en;
			hasScannedForEncodings = 0;
			knownRegions = (
				en,
				Base,
			);
			mainGroup = 5B5B00000000000000000002;
			minimizedProjectReferenceProxies = 1;
			packageReferences = (
				5B5B0000000000000000000C /* XCLocalSwiftPackageReference "SwitchboardMobileKit" */,
			);
			preferredProjectObjectVersion = 77;
			productRefGroup = 5B5B00000000000000000003 /* Products */;
			projectDirPath = "";
			projectRoot = "";
			targets = (
				5B5B00000000000000000007 /* SwitchboardMobile */,
			);
		};
/* End PBXProject section */

/* Begin PBXResourcesBuildPhase section */
		5B5B0000000000000000000A /* Resources */ = {
			isa = PBXResourcesBuildPhase;
			buildActionMask = 2147483647;
			files = (
			);
			runOnlyForDeploymentPostprocessing = 0;
		};
/* End PBXResourcesBuildPhase section */

/* Begin PBXSourcesBuildPhase section */
		5B5B00000000000000000008 /* Sources */ = {
			isa = PBXSourcesBuildPhase;
			buildActionMask = 2147483647;
			files = (
			);
			runOnlyForDeploymentPostprocessing = 0;
		};
/* End PBXSourcesBuildPhase section */

/* Begin XCBuildConfiguration section */
		5B5B0000000000000000000F /* Debug */ = {
			isa = XCBuildConfiguration;
			buildSettings = {
				ALWAYS_SEARCH_USER_PATHS = NO;
				CLANG_ENABLE_MODULES = YES;
				COPY_PHASE_STRIP = NO;
				DEBUG_INFORMATION_FORMAT = dwarf;
				ENABLE_STRICT_OBJC_MSGSEND = YES;
				ENABLE_TESTABILITY = YES;
				ENABLE_USER_SCRIPT_SANDBOXING = YES;
				"EXCLUDED_ARCHS[sdk=iphonesimulator*]" = x86_64;
				GCC_OPTIMIZATION_LEVEL = 0;
				IPHONEOS_DEPLOYMENT_TARGET = 17.0;
				ONLY_ACTIVE_ARCH = YES;
				SDKROOT = iphoneos;
				SWIFT_ACTIVE_COMPILATION_CONDITIONS = "DEBUG $(inherited)";
				SWIFT_OPTIMIZATION_LEVEL = "-Onone";
			};
			name = Debug;
		};
		5B5B00000000000000000010 /* Release */ = {
			isa = XCBuildConfiguration;
			buildSettings = {
				ALWAYS_SEARCH_USER_PATHS = NO;
				CLANG_ENABLE_MODULES = YES;
				COPY_PHASE_STRIP = NO;
				DEBUG_INFORMATION_FORMAT = "dwarf-with-dsym";
				ENABLE_NS_ASSERTIONS = NO;
				ENABLE_STRICT_OBJC_MSGSEND = YES;
				ENABLE_USER_SCRIPT_SANDBOXING = YES;
				"EXCLUDED_ARCHS[sdk=iphonesimulator*]" = x86_64;
				IPHONEOS_DEPLOYMENT_TARGET = 17.0;
				SDKROOT = iphoneos;
				SWIFT_COMPILATION_MODE = wholemodule;
				VALIDATE_PRODUCT = YES;
			};
			name = Release;
		};
		5B5B00000000000000000012 /* Debug */ = {
			isa = XCBuildConfiguration;
			buildSettings = {
				CODE_SIGN_STYLE = Automatic;
				CURRENT_PROJECT_VERSION = 1;
				GENERATE_INFOPLIST_FILE = YES;
				INFOPLIST_FILE = "SwitchboardMobile/Info-Debug.plist";
				INFOPLIST_KEY_CFBundleDisplayName = Switchboard;
				INFOPLIST_KEY_UIApplicationSceneManifest_Generation = YES;
				INFOPLIST_KEY_UILaunchScreen_Generation = YES;
				INFOPLIST_KEY_UISupportedInterfaceOrientations = "UIInterfaceOrientationPortrait UIInterfaceOrientationLandscapeLeft UIInterfaceOrientationLandscapeRight";
				LD_RUNPATH_SEARCH_PATHS = (
					"$(inherited)",
					"@executable_path/Frameworks",
				);
				MARKETING_VERSION = 0.0.1;
				PRODUCT_BUNDLE_IDENTIFIER = com.switchboard.mobile;
				PRODUCT_NAME = "$(TARGET_NAME)";
				SUPPORTED_PLATFORMS = "iphoneos iphonesimulator";
				SUPPORTS_MACCATALYST = NO;
				SWIFT_STRICT_CONCURRENCY = complete;
				SWIFT_VERSION = 6.0;
				TARGETED_DEVICE_FAMILY = 1;
			};
			name = Debug;
		};
		5B5B00000000000000000013 /* Release */ = {
			isa = XCBuildConfiguration;
			buildSettings = {
				CODE_SIGN_STYLE = Automatic;
				CURRENT_PROJECT_VERSION = 1;
				GENERATE_INFOPLIST_FILE = YES;
				INFOPLIST_FILE = "SwitchboardMobile/Info-Release.plist";
				INFOPLIST_KEY_CFBundleDisplayName = Switchboard;
				INFOPLIST_KEY_UIApplicationSceneManifest_Generation = YES;
				INFOPLIST_KEY_UILaunchScreen_Generation = YES;
				INFOPLIST_KEY_UISupportedInterfaceOrientations = "UIInterfaceOrientationPortrait UIInterfaceOrientationLandscapeLeft UIInterfaceOrientationLandscapeRight";
				LD_RUNPATH_SEARCH_PATHS = (
					"$(inherited)",
					"@executable_path/Frameworks",
				);
				MARKETING_VERSION = 0.0.1;
				PRODUCT_BUNDLE_IDENTIFIER = com.switchboard.mobile;
				PRODUCT_NAME = "$(TARGET_NAME)";
				SUPPORTED_PLATFORMS = "iphoneos iphonesimulator";
				SUPPORTS_MACCATALYST = NO;
				SWIFT_STRICT_CONCURRENCY = complete;
				SWIFT_VERSION = 6.0;
				TARGETED_DEVICE_FAMILY = 1;
			};
			name = Release;
		};
/* End XCBuildConfiguration section */

/* Begin XCConfigurationList section */
		5B5B0000000000000000000E /* Build configuration list for PBXProject "SwitchboardMobile" */ = {
			isa = XCConfigurationList;
			buildConfigurations = (
				5B5B0000000000000000000F /* Debug */,
				5B5B00000000000000000010 /* Release */,
			);
			defaultConfigurationIsVisible = 0;
			defaultConfigurationName = Release;
		};
		5B5B00000000000000000011 /* Build configuration list for PBXNativeTarget "SwitchboardMobile" */ = {
			isa = XCConfigurationList;
			buildConfigurations = (
				5B5B00000000000000000012 /* Debug */,
				5B5B00000000000000000013 /* Release */,
			);
			defaultConfigurationIsVisible = 0;
			defaultConfigurationName = Release;
		};
/* End XCConfigurationList section */

/* Begin XCLocalSwiftPackageReference section */
		5B5B0000000000000000000C /* XCLocalSwiftPackageReference "SwitchboardMobileKit" */ = {
			isa = XCLocalSwiftPackageReference;
			relativePath = SwitchboardMobileKit;
		};
/* End XCLocalSwiftPackageReference section */

/* Begin XCSwiftPackageProductDependency section */
		5B5B0000000000000000000D /* SwitchboardMobileKit */ = {
			isa = XCSwiftPackageProductDependency;
			package = 5B5B0000000000000000000C /* XCLocalSwiftPackageReference "SwitchboardMobileKit" */;
			productName = SwitchboardMobileKit;
		};
/* End XCSwiftPackageProductDependency section */
	};
	rootObject = 5B5B00000000000000000001 /* Project object */;
}
